PODS:
  - KSTokenView (3.1.3)
  - MySqlSwiftNative (1.0.10)

DEPENDENCIES:
  - KSTokenView (~> 3.1)
  - MySqlSwiftNative (~> 1.0.10)

SPEC CHECKSUMS:
  KSTokenView: 1cf0c8adf71a89001a34cc1d46bb91d8cfcc850b
  MySqlSwiftNative: 25d6d8c5db9d114a9b839aa5cb7de6d1f460f596

PODFILE CHECKSUM: d0d72d993e70bc1f6b0d2a0b7a5ee87b648080a9

COCOAPODS: 1.2.0
