// !$*UTF8*$!
{
	archiveVersion = 1;
	classes = {
	};
	objectVersion = 46;
	objects = {

/* Begin PBXBuildFile section */
		4BB8F0241E76E65600D1F909 /* AppDelegate.swift in Sources */ = {isa = PBXBuildFile; fileRef = 4BB8F0231E76E65600D1F909 /* AppDelegate.swift */; };
		4BB8F0261E76E65600D1F909 /* ViewController.swift in Sources */ = {isa = PBXBuildFile; fileRef = 4BB8F0251E76E65600D1F909 /* ViewController.swift */; };
		4BB8F0291E76E65600D1F909 /* Main.storyboard in Resources */ = {isa = PBXBuildFile; fileRef = 4BB8F0271E76E65600D1F909 /* Main.storyboard */; };
		4BB8F02B1E76E65600D1F909 /* Assets.xcassets in Resources */ = {isa = PBXBuildFile; fileRef = 4BB8F02A1E76E65600D1F909 /* Assets.xcassets */; };
		4BB8F02E1E76E65600D1F909 /* LaunchScreen.storyboard in Resources */ = {isa = PBXBuildFile; fileRef = 4BB8F02C1E76E65600D1F909 /* LaunchScreen.storyboard */; };
/* End PBXBuildFile section */

/* Begin PBXFileReference section */
		4BB8F0201E76E65600D1F909 /* ZPI2017.app */ = {isa = PBXFileReference; explicitFileType = wrapper.application; includeInIndex = 0; path = ZPI2017.app; sourceTree = BUILT_PRODUCTS_DIR; };
		4BB8F0231E76E65600D1F909 /* AppDelegate.swift */ = {isa = PBXFileReference; lastKnownFileType = sourcecode.swift; path = AppDelegate.swift; sourceTree = "<group>"; };
		4BB8F0251E76E65600D1F909 /* ViewController.swift */ = {isa = PBXFileReference; lastKnownFileType = sourcecode.swift; path = ViewController.swift; sourceTree = "<group>"; };
		4BB8F0281E76E65600D1F909 /* Base */ = {isa = PBXFileReference; lastKnownFileType = file.storyboard; name = Base; path = Base.lproj/Main.storyboard; sourceTree = "<group>"; };
		4BB8F02A1E76E65600D1F909 /* Assets.xcassets */ = {isa = PBXFileReference; lastKnownFileType = folder.assetcatalog; path = Assets.xcassets; sourceTree = "<group>"; };
		4BB8F02D1E76E65600D1F909 /* Base */ = {isa = PBXFileReference; lastKnownFileType = file.storyboard; name = Base; path = Base.lproj/LaunchScreen.storyboard; sourceTree = "<group>"; };
		4BB8F02F1E76E65600D1F909 /* Info.plist */ = {isa = PBXFileReference; lastKnownFileType = text.plist.xml; path = Info.plist; sourceTree = "<group>"; };
/* End PBXFileReference section */

/* Begin PBXFrameworksBuildPhase section */
		4BB8F01D1E76E65600D1F909 /* Frameworks */ = {
			isa = PBXFrameworksBuildPhase;
			buildActionMask = 2147483647;
			files = (
			);
			runOnlyForDeploymentPostprocessing = 0;
		};
/* End PBXFrameworksBuildPhase section */

/* Begin PBXGroup section */
		4BB8F0171E76E65500D1F909 = {
			isa = PBXGroup;
			children = (
				4BB8F0221E76E65600D1F909 /* ZPI2017 */,
				4BB8F0211E76E65600D1F909 /* Products */,
			);
			sourceTree = "<group>";
		};
		4BB8F0211E76E65600D1F909 /* Products */ = {
			isa = PBXGroup;
			children = (
				4BB8F0201E76E65600D1F909 /* ZPI2017.app */,
			);
			name = Products;
			sourceTree = "<group>";
		};
		4BB8F0221E76E65600D1F909 /* ZPI2017 */ = {
			isa = PBXGroup;
			children = (
				4BB8F0231E76E65600D1F909 /* AppDelegate.swift */,
				4BB8F0251E76E65600D1F909 /* ViewController.swift */,
				4BB8F0271E76E65600D1F909 /* Main.storyboard */,
				4BB8F02A1E76E65600D1F909 /* Assets.xcassets */,
				4BB8F02C1E76E65600D1F909 /* LaunchScreen.storyboard */,
				4BB8F02F1E76E65600D1F909 /* Info.plist */,
			);
			path = ZPI2017;
			sourceTree = "<group>";
		};
/* End PBXGroup section */

/* Begin PBXNativeTarget section */
		4BB8F01F1E76E65600D1F909 /* ZPI2017 */ = {
			isa = PBXNativeTarget;
			buildConfigurationList = 4BB8F0321E76E65600D1F909 /* Build configuration list for PBXNativeTarget "ZPI2017" */;
			buildPhases = (
				4BB8F01C1E76E65600D1F909 /* Sources */,
				4BB8F01D1E76E65600D1F909 /* Frameworks */,
				4BB8F01E1E76E65600D1F909 /* Resources */,
			);
			buildRules = (
			);
			dependencies = (
			);
			name = ZPI2017;
			productName = ZPI2017;
			productReference = 4BB8F0201E76E65600D1F909 /* ZPI2017.app */;
			productType = "com.apple.product-type.application";
		};
/* End PBXNativeTarget section */

/* Begin PBXProject section */
		4BB8F0181E76E65600D1F909 /* Project object */ = {
			isa = PBXProject;
			attributes = {
				LastSwiftUpdateCheck = 0830;
				LastUpgradeCheck = 0830;
				ORGANIZATIONNAME = ZPI;
				TargetAttributes = {
					4BB8F01F1E76E65600D1F909 = {
						CreatedOnToolsVersion = 8.3;
						ProvisioningStyle = Automatic;
					};
				};
			};
			buildConfigurationList = 4BB8F01B1E76E65600D1F909 /* Build configuration list for PBXProject "ZPI2017" */;
			compatibilityVersion = "Xcode 3.2";
			developmentRegion = English;
			hasScannedForEncodings = 0;
			knownRegions = (
				en,
				Base,
			);
			mainGroup = 4BB8F0171E76E65500D1F909;
			productRefGroup = 4BB8F0211E76E65600D1F909 /* Products */;
			projectDirPath = "";
			projectRoot = "";
			targets = (
				4BB8F01F1E76E65600D1F909 /* ZPI2017 */,
			);
		};
/* End PBXProject section */

/* Begin PBXResourcesBuildPhase section */
		4BB8F01E1E76E65600D1F909 /* Resources */ = {
			isa = PBXResourcesBuildPhase;
			buildActionMask = 2147483647;
			files = (
				4BB8F02E1E76E65600D1F909 /* LaunchScreen.storyboard in Resources */,
				4BB8F02B1E76E65600D1F909 /* Assets.xcassets in Resources */,
				4BB8F0291E76E65600D1F909 /* Main.storyboard in Resources */,
			);
			runOnlyForDeploymentPostprocessing = 0;
		};
/* End PBXResourcesBuildPhase section */

/* Begin PBXSourcesBuildPhase section */
		4BB8F01C1E76E65600D1F909 /* Sources */ = {
			isa = PBXSourcesBuildPhase;
			buildActionMask = 2147483647;
			files = (
				4BB8F0261E76E65600D1F909 /* ViewController.swift in Sources */,
				4BB8F0241E76E65600D1F909 /* AppDelegate.swift in Sources */,
			);
			runOnlyForDeploymentPostprocessing = 0;
		};
/* End PBXSourcesBuildPhase section */

/* Begin PBXVariantGroup section */
		4BB8F0271E76E65600D1F909 /* Main.storyboard */ = {
			isa = PBXVariantGroup;
			children = (
				4BB8F0281E76E65600D1F909 /* Base */,
			);
			name = Main.storyboard;
			sourceTree = "<group>";
		};
		4BB8F02C1E76E65600D1F909 /* LaunchScreen.storyboard */ = {
			isa = PBXVariantGroup;
			children = (
				4BB8F02D1E76E65600D1F909 /* Base */,
			);
			name = LaunchScreen.storyboard;
			sourceTree = "<group>";
		};
/* End PBXVariantGroup section */

/* Begin XCBuildConfiguration section */
		4BB8F0301E76E65600D1F909 /* Debug */ = {
			isa = XCBuildConfiguration;
			buildSettings = {
				ALWAYS_SEARCH_USER_PATHS = NO;
				CLANG_ANALYZER_NONNULL = YES;
				CLANG_ANALYZER_NUMBER_OBJECT_CONVERSION = YES_AGGRESSIVE;
				CLANG_CXX_LANGUAGE_STANDARD = "gnu++0x";
				CLANG_CXX_LIBRARY = "libc++";
				CLANG_ENABLE_MODULES = YES;
				CLANG_ENABLE_OBJC_ARC = YES;
				CLANG_WARN_BOOL_CONVERSION = YES;
				CLANG_WARN_CONSTANT_CONVERSION = YES;
				CLANG_WARN_DIRECT_OBJC_ISA_USAGE = YES_ERROR;
				CLANG_WARN_DOCUMENTATION_COMMENTS = YES;
				CLANG_WARN_EMPTY_BODY = YES;
				CLANG_WARN_ENUM_CONVERSION = YES;
				CLANG_WARN_INFINITE_RECURSION = YES;
				CLANG_WARN_INT_CONVERSION = YES;
				CLANG_WARN_OBJC_ROOT_CLASS = YES_ERROR;
				CLANG_WARN_SUSPICIOUS_MOVE = YES;
				CLANG_WARN_UNREACHABLE_CODE = YES;
				CLANG_WARN__DUPLICATE_METHOD_MATCH = YES;
				"CODE_SIGN_IDENTITY[sdk=iphoneos*]" = "iPhone Developer";
				COPY_PHASE_STRIP = NO;
				DEBUG_INFORMATION_FORMAT = dwarf;
				ENABLE_STRICT_OBJC_MSGSEND = YES;
				ENABLE_TESTABILITY = YES;
				GCC_C_LANGUAGE_STANDARD = gnu99;
				GCC_DYNAMIC_NO_PIC = NO;
				GCC_NO_COMMON_BLOCKS = YES;
				GCC_OPTIMIZATION_LEVEL = 0;
				GCC_PREPROCESSOR_DEFINITIONS = (
					"DEBUG=1",
					"$(inherited)",
				);
				GCC_WARN_64_TO_32_BIT_CONVERSION = YES;
				GCC_WARN_ABOUT_RETURN_TYPE = YES_ERROR;
				GCC_WARN_UNDECLARED_SELECTOR = YES;
				GCC_WARN_UNINITIALIZED_AUTOS = YES_AGGRESSIVE;
				GCC_WARN_UNUSED_FUNCTION = YES;
				GCC_WARN_UNUSED_VARIABLE = YES;
				IPHONEOS_DEPLOYMENT_TARGET = 10.3;
				MTL_ENABLE_DEBUG_INFO = YES;
				ONLY_ACTIVE_ARCH = YES;
				SDKROOT = iphoneos;
				SWIFT_ACTIVE_COMPILATION_CONDITIONS = DEBUG;
				SWIFT_OPTIMIZATION_LEVEL = "-Onone";
			};
			name = Debug;
		};
		4BB8F0311E76E65600D1F909 /* Release */ = {
			isa = XCBuildConfiguration;
			buildSettings = {
				ALWAYS_SEARCH_USER_PATHS = NO;
				CLANG_ANALYZER_NONNULL = YES;
				CLANG_ANALYZER_NUMBER_OBJECT_CONVERSION = YES_AGGRESSIVE;
				CLANG_CXX_LANGUAGE_STANDARD = "gnu++0x";
				CLANG_CXX_LIBRARY = "libc++";
				CLANG_ENABLE_MODULES = YES;
				CLANG_ENABLE_OBJC_ARC = YES;
				CLANG_WARN_BOOL_CONVERSION = YES;
				CLANG_WARN_CONSTANT_CONVERSION = YES;
				CLANG_WARN_DIRECT_OBJC_ISA_USAGE = YES_ERROR;
				CLANG_WARN_DOCUMENTATION_COMMENTS = YES;
				CLANG_WARN_EMPTY_BODY = YES;
				CLANG_WARN_ENUM_CONVERSION = YES;
				CLANG_WARN_INFINITE_RECURSION = YES;
				CLANG_WARN_INT_CONVERSION = YES;
				CLANG_WARN_OBJC_ROOT_CLASS = YES_ERROR;
				CLANG_WARN_SUSPICIOUS_MOVE = YES;
				CLANG_WARN_UNREACHABLE_CODE = YES;
				CLANG_WARN__DUPLICATE_METHOD_MATCH = YES;
				"CODE_SIGN_IDENTITY[sdk=iphoneos*]" = "iPhone Developer";
				COPY_PHASE_STRIP = NO;
				DEBUG_INFORMATION_FORMAT = "dwarf-with-dsym";
				ENABLE_NS_ASSERTIONS = NO;
				ENABLE_STRICT_OBJC_MSGSEND = YES;
				GCC_C_LANGUAGE_STANDARD = gnu99;
				GCC_NO_COMMON_BLOCKS = YES;
				GCC_WARN_64_TO_32_BIT_CONVERSION = YES;
				GCC_WARN_ABOUT_RETURN_TYPE = YES_ERROR;
				GCC_WARN_UNDECLARED_SELECTOR = YES;
				GCC_WARN_UNINITIALIZED_AUTOS = YES_AGGRESSIVE;
				GCC_WARN_UNUSED_FUNCTION = YES;
				GCC_WARN_UNUSED_VARIABLE = YES;
				IPHONEOS_DEPLOYMENT_TARGET = 10.3;
				MTL_ENABLE_DEBUG_INFO = NO;
				SDKROOT = iphoneos;
				SWIFT_OPTIMIZATION_LEVEL = "-Owholemodule";
				VALIDATE_PRODUCT = YES;
			};
			name = Release;
		};
		4BB8F0331E76E65600D1F909 /* Debug */ = {
			isa = XCBuildConfiguration;
			buildSettings = {
				ASSETCATALOG_COMPILER_APPICON_NAME = AppIcon;
				INFOPLIST_FILE = ZPI2017/Info.plist;
				LD_RUNPATH_SEARCH_PATHS = "$(inherited) @executable_path/Frameworks";
				PRODUCT_BUNDLE_IDENTIFIER = com.zpi.ZPI2017;
				PRODUCT_NAME = "$(TARGET_NAME)";
				SWIFT_VERSION = 3.0;
			};
			name = Debug;
		};
		4BB8F0341E76E65600D1F909 /* Release */ = {
			isa = XCBuildConfiguration;
			buildSettings = {
				ASSETCATALOG_COMPILER_APPICON_NAME = AppIcon;
				INFOPLIST_FILE = ZPI2017/Info.plist;
				LD_RUNPATH_SEARCH_PATHS = "$(inherited) @executable_path/Frameworks";
				PRODUCT_BUNDLE_IDENTIFIER = com.zpi.ZPI2017;
				PRODUCT_NAME = "$(TARGET_NAME)";
				SWIFT_VERSION = 3.0;
			};
			name = Release;
		};
/* End XCBuildConfiguration section */

/* Begin XCConfigurationList section */
		4BB8F01B1E76E65600D1F909 /* Build configuration list for PBXProject "ZPI2017" */ = {
			isa = XCConfigurationList;
			buildConfigurations = (
				4BB8F0301E76E65600D1F909 /* Debug */,
				4BB8F0311E76E65600D1F909 /* Release */,
			);
			defaultConfigurationIsVisible = 0;
			defaultConfigurationName = Release;
		};
		4BB8F0321E76E65600D1F909 /* Build configuration list for PBXNativeTarget "ZPI2017" */ = {
			isa = XCConfigurationList;
			buildConfigurations = (
				4BB8F0331E76E65600D1F909 /* Debug */,
				4BB8F0341E76E65600D1F909 /* Release */,
			);
			defaultConfigurationIsVisible = 0;
		};
/* End XCConfigurationList section */
	};
	rootObject = 4BB8F0181E76E65600D1F909 /* Project object */;
}
