// !$*UTF8*$!
{
	archiveVersion = 1;
	classes = {
	};
	objectVersion = 46;
	objects = {

/* Begin PBXBuildFile section */
		2459C729968D8CCFDA71F884 /* Pods_ZPI2017.framework in Frameworks */ = {isa = PBXBuildFile; fileRef = E2FD6D5270F0383BEE8BFAD2 /* Pods_ZPI2017.framework */; };
		4BB5188D1ED321A0004CFC3C /* TabBarController.swift in Sources */ = {isa = PBXBuildFile; fileRef = 4BB5188C1ED321A0004CFC3C /* TabBarController.swift */; };
		4BB5188F1ED324EE004CFC3C /* Connection.swift in Sources */ = {isa = PBXBuildFile; fileRef = 4BB5188E1ED324EE004CFC3C /* Connection.swift */; };
		4BB518911ED32A3B004CFC3C /* TabBarTableSelectionViewController.swift in Sources */ = {isa = PBXBuildFile; fileRef = 4BB518901ED32A3B004CFC3C /* TabBarTableSelectionViewController.swift */; };
		4BB518931ED36EC0004CFC3C /* TabBarTabalViewViewController.swift in Sources */ = {isa = PBXBuildFile; fileRef = 4BB518921ED36EC0004CFC3C /* TabBarTabalViewViewController.swift */; };
		4BB518961ED836FB004CFC3C /* SettingsViewController.swift in Sources */ = {isa = PBXBuildFile; fileRef = 4BB518951ED836FB004CFC3C /* SettingsViewController.swift */; };
		4BB5189A1ED895EF004CFC3C /* CredentialsTmp.swift in Sources */ = {isa = PBXBuildFile; fileRef = 4BB518991ED895EF004CFC3C /* CredentialsTmp.swift */; };
		4BB8F0241E76E65600D1F909 /* AppDelegate.swift in Sources */ = {isa = PBXBuildFile; fileRef = 4BB8F0231E76E65600D1F909 /* AppDelegate.swift */; };
		4BB8F0261E76E65600D1F909 /* ViewController.swift in Sources */ = {isa = PBXBuildFile; fileRef = 4BB8F0251E76E65600D1F909 /* ViewController.swift */; };
		4BB8F0291E76E65600D1F909 /* Main.storyboard in Resources */ = {isa = PBXBuildFile; fileRef = 4BB8F0271E76E65600D1F909 /* Main.storyboard */; };
		4BB8F02B1E76E65600D1F909 /* Assets.xcassets in Resources */ = {isa = PBXBuildFile; fileRef = 4BB8F02A1E76E65600D1F909 /* Assets.xcassets */; };
		4BB8F02E1E76E65600D1F909 /* LaunchScreen.storyboard in Resources */ = {isa = PBXBuildFile; fileRef = 4BB8F02C1E76E65600D1F909 /* LaunchScreen.storyboard */; };
		4BF5FDAA1E928C72007430E8 /* LastTableViewCell.swift in Sources */ = {isa = PBXBuildFile; fileRef = 4BF5FDA91E928C72007430E8 /* LastTableViewCell.swift */; };
		4BF5FDAC1E928CB2007430E8 /* LastTableController.swift in Sources */ = {isa = PBXBuildFile; fileRef = 4BF5FDAB1E928CB2007430E8 /* LastTableController.swift */; };
		4BF5FDB01E929D01007430E8 /* LastFav.swift in Sources */ = {isa = PBXBuildFile; fileRef = 4BF5FDAF1E929D01007430E8 /* LastFav.swift */; };
		4BF5FDB21E92C3A4007430E8 /* Favorite.swift in Sources */ = {isa = PBXBuildFile; fileRef = 4BF5FDB11E92C3A4007430E8 /* Favorite.swift */; };
		4BF5FDB41E92C3AD007430E8 /* Last.swift in Sources */ = {isa = PBXBuildFile; fileRef = 4BF5FDB31E92C3AD007430E8 /* Last.swift */; };
		9A4CE5B41EC9E4080075046C /* ExecuteSQLViewController.swift in Sources */ = {isa = PBXBuildFile; fileRef = 9A4CE5B31EC9E4080075046C /* ExecuteSQLViewController.swift */; };
		B21C7C311E9F9739001647A7 /* DBSelectionViewController.swift in Sources */ = {isa = PBXBuildFile; fileRef = B21C7C301E9F9739001647A7 /* DBSelectionViewController.swift */; };
		B21C7C331E9F974F001647A7 /* DBSelectionTableViewCell.swift in Sources */ = {isa = PBXBuildFile; fileRef = B21C7C321E9F974F001647A7 /* DBSelectionTableViewCell.swift */; };
		B247E3731EE083C20028BBA6 /* AddTableViewController.swift in Sources */ = {isa = PBXBuildFile; fileRef = B247E3721EE083C20028BBA6 /* AddTableViewController.swift */; };
		B247E3751EE0842C0028BBA6 /* AddTableTableViewCell.swift in Sources */ = {isa = PBXBuildFile; fileRef = B247E3741EE0842C0028BBA6 /* AddTableTableViewCell.swift */; };
		B247E3791EE086490028BBA6 /* checked_checkbox.png in Resources */ = {isa = PBXBuildFile; fileRef = B247E3771EE086490028BBA6 /* checked_checkbox.png */; };
		B247E37A1EE086490028BBA6 /* unchecked_checkbox.png in Resources */ = {isa = PBXBuildFile; fileRef = B247E3781EE086490028BBA6 /* unchecked_checkbox.png */; };
		B26199101E98286D008AC2AC /* DataModel.swift in Sources */ = {isa = PBXBuildFile; fileRef = B261990F1E98286D008AC2AC /* DataModel.swift */; };
		B2EABFF81E9FBB47005D1C02 /* TableSelectionTableViewCell.swift in Sources */ = {isa = PBXBuildFile; fileRef = B2EABFF71E9FBB47005D1C02 /* TableSelectionTableViewCell.swift */; };
		B2EABFFA1E9FBB5C005D1C02 /* TableSelectionViewController.swift in Sources */ = {isa = PBXBuildFile; fileRef = B2EABFF91E9FBB5C005D1C02 /* TableSelectionViewController.swift */; };
		B2EABFFD1E9FC062005D1C02 /* TableViewCollectionViewCell.swift in Sources */ = {isa = PBXBuildFile; fileRef = B2EABFFC1E9FC062005D1C02 /* TableViewCollectionViewCell.swift */; };
		B2EABFFF1E9FC070005D1C02 /* TableViewViewController.swift in Sources */ = {isa = PBXBuildFile; fileRef = B2EABFFE1E9FC070005D1C02 /* TableViewViewController.swift */; };
		B2ED54C71EDF337E00E172F8 /* CustomCollection.swift in Sources */ = {isa = PBXBuildFile; fileRef = B2ED54C61EDF337D00E172F8 /* CustomCollection.swift */; };
/* End PBXBuildFile section */

/* Begin PBXFileReference section */
		30E3B0D381C12BEE9281AB94 /* Pods-ZPI2017.debug.xcconfig */ = {isa = PBXFileReference; includeInIndex = 1; lastKnownFileType = text.xcconfig; name = "Pods-ZPI2017.debug.xcconfig"; path = "Pods/Target Support Files/Pods-ZPI2017/Pods-ZPI2017.debug.xcconfig"; sourceTree = "<group>"; };
		4BB5188C1ED321A0004CFC3C /* TabBarController.swift */ = {isa = PBXFileReference; fileEncoding = 4; lastKnownFileType = sourcecode.swift; path = TabBarController.swift; sourceTree = "<group>"; };
		4BB5188E1ED324EE004CFC3C /* Connection.swift */ = {isa = PBXFileReference; fileEncoding = 4; lastKnownFileType = sourcecode.swift; path = Connection.swift; sourceTree = "<group>"; };
		4BB518901ED32A3B004CFC3C /* TabBarTableSelectionViewController.swift */ = {isa = PBXFileReference; fileEncoding = 4; lastKnownFileType = sourcecode.swift; path = TabBarTableSelectionViewController.swift; sourceTree = "<group>"; };
		4BB518921ED36EC0004CFC3C /* TabBarTabalViewViewController.swift */ = {isa = PBXFileReference; fileEncoding = 4; lastKnownFileType = sourcecode.swift; path = TabBarTabalViewViewController.swift; sourceTree = "<group>"; };
		4BB518951ED836FB004CFC3C /* SettingsViewController.swift */ = {isa = PBXFileReference; fileEncoding = 4; lastKnownFileType = sourcecode.swift; path = SettingsViewController.swift; sourceTree = "<group>"; };
		4BB518991ED895EF004CFC3C /* CredentialsTmp.swift */ = {isa = PBXFileReference; fileEncoding = 4; lastKnownFileType = sourcecode.swift; path = CredentialsTmp.swift; sourceTree = "<group>"; };
		4BB8F0201E76E65600D1F909 /* ZPI2017.app */ = {isa = PBXFileReference; explicitFileType = wrapper.application; includeInIndex = 0; path = ZPI2017.app; sourceTree = BUILT_PRODUCTS_DIR; };
		4BB8F0231E76E65600D1F909 /* AppDelegate.swift */ = {isa = PBXFileReference; lastKnownFileType = sourcecode.swift; path = AppDelegate.swift; sourceTree = "<group>"; };
		4BB8F0251E76E65600D1F909 /* ViewController.swift */ = {isa = PBXFileReference; lastKnownFileType = sourcecode.swift; path = ViewController.swift; sourceTree = "<group>"; };
		4BB8F0281E76E65600D1F909 /* Base */ = {isa = PBXFileReference; lastKnownFileType = file.storyboard; name = Base; path = Base.lproj/Main.storyboard; sourceTree = "<group>"; };
		4BB8F02A1E76E65600D1F909 /* Assets.xcassets */ = {isa = PBXFileReference; lastKnownFileType = folder.assetcatalog; path = Assets.xcassets; sourceTree = "<group>"; };
		4BB8F02D1E76E65600D1F909 /* Base */ = {isa = PBXFileReference; lastKnownFileType = file.storyboard; name = Base; path = Base.lproj/LaunchScreen.storyboard; sourceTree = "<group>"; };
		4BB8F02F1E76E65600D1F909 /* Info.plist */ = {isa = PBXFileReference; lastKnownFileType = text.plist.xml; path = Info.plist; sourceTree = "<group>"; };
		4BF5FDA91E928C72007430E8 /* LastTableViewCell.swift */ = {isa = PBXFileReference; fileEncoding = 4; lastKnownFileType = sourcecode.swift; path = LastTableViewCell.swift; sourceTree = "<group>"; };
		4BF5FDAB1E928CB2007430E8 /* LastTableController.swift */ = {isa = PBXFileReference; fileEncoding = 4; lastKnownFileType = sourcecode.swift; path = LastTableController.swift; sourceTree = "<group>"; };
		4BF5FDAF1E929D01007430E8 /* LastFav.swift */ = {isa = PBXFileReference; fileEncoding = 4; lastKnownFileType = sourcecode.swift; path = LastFav.swift; sourceTree = "<group>"; };
		4BF5FDB11E92C3A4007430E8 /* Favorite.swift */ = {isa = PBXFileReference; fileEncoding = 4; lastKnownFileType = sourcecode.swift; path = Favorite.swift; sourceTree = "<group>"; };
		4BF5FDB31E92C3AD007430E8 /* Last.swift */ = {isa = PBXFileReference; fileEncoding = 4; lastKnownFileType = sourcecode.swift; path = Last.swift; sourceTree = "<group>"; };
		9A4CE5B31EC9E4080075046C /* ExecuteSQLViewController.swift */ = {isa = PBXFileReference; fileEncoding = 4; lastKnownFileType = sourcecode.swift; path = ExecuteSQLViewController.swift; sourceTree = "<group>"; };
		B21C7C301E9F9739001647A7 /* DBSelectionViewController.swift */ = {isa = PBXFileReference; fileEncoding = 4; lastKnownFileType = sourcecode.swift; path = DBSelectionViewController.swift; sourceTree = "<group>"; };
		B21C7C321E9F974F001647A7 /* DBSelectionTableViewCell.swift */ = {isa = PBXFileReference; fileEncoding = 4; lastKnownFileType = sourcecode.swift; path = DBSelectionTableViewCell.swift; sourceTree = "<group>"; };
		B247E3721EE083C20028BBA6 /* AddTableViewController.swift */ = {isa = PBXFileReference; fileEncoding = 4; lastKnownFileType = sourcecode.swift; path = AddTableViewController.swift; sourceTree = "<group>"; };
		B247E3741EE0842C0028BBA6 /* AddTableTableViewCell.swift */ = {isa = PBXFileReference; fileEncoding = 4; lastKnownFileType = sourcecode.swift; path = AddTableTableViewCell.swift; sourceTree = "<group>"; };
		B247E3771EE086490028BBA6 /* checked_checkbox.png */ = {isa = PBXFileReference; lastKnownFileType = image.png; path = checked_checkbox.png; sourceTree = "<group>"; };
		B247E3781EE086490028BBA6 /* unchecked_checkbox.png */ = {isa = PBXFileReference; lastKnownFileType = image.png; path = unchecked_checkbox.png; sourceTree = "<group>"; };
		B261990F1E98286D008AC2AC /* DataModel.swift */ = {isa = PBXFileReference; fileEncoding = 4; lastKnownFileType = sourcecode.swift; path = DataModel.swift; sourceTree = "<group>"; };
		B2EABFF71E9FBB47005D1C02 /* TableSelectionTableViewCell.swift */ = {isa = PBXFileReference; fileEncoding = 4; lastKnownFileType = sourcecode.swift; path = TableSelectionTableViewCell.swift; sourceTree = "<group>"; };
		B2EABFF91E9FBB5C005D1C02 /* TableSelectionViewController.swift */ = {isa = PBXFileReference; fileEncoding = 4; lastKnownFileType = sourcecode.swift; path = TableSelectionViewController.swift; sourceTree = "<group>"; };
		B2EABFFC1E9FC062005D1C02 /* TableViewCollectionViewCell.swift */ = {isa = PBXFileReference; fileEncoding = 4; lastKnownFileType = sourcecode.swift; path = TableViewCollectionViewCell.swift; sourceTree = "<group>"; };
		B2EABFFE1E9FC070005D1C02 /* TableViewViewController.swift */ = {isa = PBXFileReference; fileEncoding = 4; lastKnownFileType = sourcecode.swift; path = TableViewViewController.swift; sourceTree = "<group>"; };
		B2ED54C61EDF337D00E172F8 /* CustomCollection.swift */ = {isa = PBXFileReference; fileEncoding = 4; lastKnownFileType = sourcecode.swift; path = CustomCollection.swift; sourceTree = "<group>"; };
		C88EE102FD7FD420C8B65D88 /* Pods-ZPI2017.release.xcconfig */ = {isa = PBXFileReference; includeInIndex = 1; lastKnownFileType = text.xcconfig; name = "Pods-ZPI2017.release.xcconfig"; path = "Pods/Target Support Files/Pods-ZPI2017/Pods-ZPI2017.release.xcconfig"; sourceTree = "<group>"; };
		E2FD6D5270F0383BEE8BFAD2 /* Pods_ZPI2017.framework */ = {isa = PBXFileReference; explicitFileType = wrapper.framework; includeInIndex = 0; path = Pods_ZPI2017.framework; sourceTree = BUILT_PRODUCTS_DIR; };
/* End PBXFileReference section */

/* Begin PBXFrameworksBuildPhase section */
		4BB8F01D1E76E65600D1F909 /* Frameworks */ = {
			isa = PBXFrameworksBuildPhase;
			buildActionMask = 2147483647;
			files = (
				2459C729968D8CCFDA71F884 /* Pods_ZPI2017.framework in Frameworks */,
			);
			runOnlyForDeploymentPostprocessing = 0;
		};
/* End PBXFrameworksBuildPhase section */

/* Begin PBXGroup section */
		08025868483EBC8EB5AA6060 /* Frameworks */ = {
			isa = PBXGroup;
			children = (
				E2FD6D5270F0383BEE8BFAD2 /* Pods_ZPI2017.framework */,
			);
			name = Frameworks;
			sourceTree = "<group>";
		};
		11455B3EC1ADAABF282A43A6 /* Pods */ = {
			isa = PBXGroup;
			children = (
				30E3B0D381C12BEE9281AB94 /* Pods-ZPI2017.debug.xcconfig */,
				C88EE102FD7FD420C8B65D88 /* Pods-ZPI2017.release.xcconfig */,
			);
			name = Pods;
			sourceTree = "<group>";
		};
		4BB5188B1ED3216D004CFC3C /* TabBar */ = {
			isa = PBXGroup;
			children = (
				4BB5188C1ED321A0004CFC3C /* TabBarController.swift */,
				4BB518901ED32A3B004CFC3C /* TabBarTableSelectionViewController.swift */,
				4BB518921ED36EC0004CFC3C /* TabBarTabalViewViewController.swift */,
			);
			name = TabBar;
			sourceTree = "<group>";
		};
		4BB518941ED836ED004CFC3C /* Settings */ = {
			isa = PBXGroup;
			children = (
				4BB518951ED836FB004CFC3C /* SettingsViewController.swift */,
			);
			name = Settings;
			sourceTree = "<group>";
		};
		4BB8F0171E76E65500D1F909 = {
			isa = PBXGroup;
			children = (
				4BB8F0221E76E65600D1F909 /* ZPI2017 */,
				4BB8F0211E76E65600D1F909 /* Products */,
				11455B3EC1ADAABF282A43A6 /* Pods */,
				08025868483EBC8EB5AA6060 /* Frameworks */,
			);
			sourceTree = "<group>";
		};
		4BB8F0211E76E65600D1F909 /* Products */ = {
			isa = PBXGroup;
			children = (
				4BB8F0201E76E65600D1F909 /* ZPI2017.app */,
			);
			name = Products;
			sourceTree = "<group>";
		};
		4BB8F0221E76E65600D1F909 /* ZPI2017 */ = {
			isa = PBXGroup;
			children = (
				B247E3761EE086410028BBA6 /* Images */,
				B247E3711EE083A40028BBA6 /* AddTableView */,
				4BB518941ED836ED004CFC3C /* Settings */,
				4BB5188B1ED3216D004CFC3C /* TabBar */,
				B2EAC0001E9FC074005D1C02 /* TablewView */,
				B2EABFFB1E9FBB61005D1C02 /* TableSelection */,
				B21C7C341E9F9763001647A7 /* DBSelection */,
				4BF5FDAE1E929C2D007430E8 /* Shared */,
				4BF5FDAD1E928CCC007430E8 /* LoginView */,
				4BB8F0251E76E65600D1F909 /* ViewController.swift */,
				4BB8F0231E76E65600D1F909 /* AppDelegate.swift */,
				9A4CE5B31EC9E4080075046C /* ExecuteSQLViewController.swift */,
				4BB8F0271E76E65600D1F909 /* Main.storyboard */,
				4BB8F02A1E76E65600D1F909 /* Assets.xcassets */,
				4BB8F02C1E76E65600D1F909 /* LaunchScreen.storyboard */,
				4BB8F02F1E76E65600D1F909 /* Info.plist */,
				B261990F1E98286D008AC2AC /* DataModel.swift */,
			);
			path = ZPI2017;
			sourceTree = "<group>";
		};
		4BF5FDAD1E928CCC007430E8 /* LoginView */ = {
			isa = PBXGroup;
			children = (
				4BF5FDA91E928C72007430E8 /* LastTableViewCell.swift */,
				4BF5FDAB1E928CB2007430E8 /* LastTableController.swift */,
			);
			name = LoginView;
			sourceTree = "<group>";
		};
		4BF5FDAE1E929C2D007430E8 /* Shared */ = {
			isa = PBXGroup;
			children = (
				4BF5FDAF1E929D01007430E8 /* LastFav.swift */,
				4BF5FDB11E92C3A4007430E8 /* Favorite.swift */,
				4BF5FDB31E92C3AD007430E8 /* Last.swift */,
				4BB5188E1ED324EE004CFC3C /* Connection.swift */,
				4BB518991ED895EF004CFC3C /* CredentialsTmp.swift */,
			);
			name = Shared;
			sourceTree = "<group>";
		};
		B21C7C341E9F9763001647A7 /* DBSelection */ = {
			isa = PBXGroup;
			children = (
				B21C7C301E9F9739001647A7 /* DBSelectionViewController.swift */,
				B21C7C321E9F974F001647A7 /* DBSelectionTableViewCell.swift */,
			);
			name = DBSelection;
			sourceTree = "<group>";
		};
		B247E3711EE083A40028BBA6 /* AddTableView */ = {
			isa = PBXGroup;
			children = (
				B247E3721EE083C20028BBA6 /* AddTableViewController.swift */,
				B247E3741EE0842C0028BBA6 /* AddTableTableViewCell.swift */,
			);
			name = AddTableView;
			sourceTree = "<group>";
		};
		B247E3761EE086410028BBA6 /* Images */ = {
			isa = PBXGroup;
			children = (
				B247E3771EE086490028BBA6 /* checked_checkbox.png */,
				B247E3781EE086490028BBA6 /* unchecked_checkbox.png */,
			);
			name = Images;
			sourceTree = "<group>";
		};
		B2EABFFB1E9FBB61005D1C02 /* TableSelection */ = {
			isa = PBXGroup;
			children = (
				B2EABFF91E9FBB5C005D1C02 /* TableSelectionViewController.swift */,
				B2EABFF71E9FBB47005D1C02 /* TableSelectionTableViewCell.swift */,
			);
			name = TableSelection;
			sourceTree = "<group>";
		};
		B2EAC0001E9FC074005D1C02 /* TablewView */ = {
			isa = PBXGroup;
			children = (
				B2EABFFE1E9FC070005D1C02 /* TableViewViewController.swift */,
				B2EABFFC1E9FC062005D1C02 /* TableViewCollectionViewCell.swift */,
				B2ED54C61EDF337D00E172F8 /* CustomCollection.swift */,
			);
			name = TablewView;
			sourceTree = "<group>";
		};
/* End PBXGroup section */

/* Begin PBXNativeTarget section */
		4BB8F01F1E76E65600D1F909 /* ZPI2017 */ = {
			isa = PBXNativeTarget;
			buildConfigurationList = 4BB8F0321E76E65600D1F909 /* Build configuration list for PBXNativeTarget "ZPI2017" */;
			buildPhases = (
				B66CBDEE0A51BBBF876F6995 /* [CP] Check Pods Manifest.lock */,
				4BB8F01C1E76E65600D1F909 /* Sources */,
				4BB8F01D1E76E65600D1F909 /* Frameworks */,
				4BB8F01E1E76E65600D1F909 /* Resources */,
				58604BCDF5ABF346A0EE8725 /* [CP] Embed Pods Frameworks */,
				329617AEEBD7F803D4EB67AA /* [CP] Copy Pods Resources */,
			);
			buildRules = (
			);
			dependencies = (
			);
			name = ZPI2017;
			productName = ZPI2017;
			productReference = 4BB8F0201E76E65600D1F909 /* ZPI2017.app */;
			productType = "com.apple.product-type.application";
		};
/* End PBXNativeTarget section */

/* Begin PBXProject section */
		4BB8F0181E76E65600D1F909 /* Project object */ = {
			isa = PBXProject;
			attributes = {
				LastSwiftUpdateCheck = 0830;
				LastUpgradeCheck = 0830;
				ORGANIZATIONNAME = ZPI;
				TargetAttributes = {
					4BB8F01F1E76E65600D1F909 = {
						CreatedOnToolsVersion = 8.3;
						DevelopmentTeam = SGNK3MFYG3;
						ProvisioningStyle = Automatic;
					};
				};
			};
			buildConfigurationList = 4BB8F01B1E76E65600D1F909 /* Build configuration list for PBXProject "ZPI2017" */;
			compatibilityVersion = "Xcode 3.2";
			developmentRegion = English;
			hasScannedForEncodings = 0;
			knownRegions = (
				en,
				Base,
			);
			mainGroup = 4BB8F0171E76E65500D1F909;
			productRefGroup = 4BB8F0211E76E65600D1F909 /* Products */;
			projectDirPath = "";
			projectRoot = "";
			targets = (
				4BB8F01F1E76E65600D1F909 /* ZPI2017 */,
			);
		};
/* End PBXProject section */

/* Begin PBXResourcesBuildPhase section */
		4BB8F01E1E76E65600D1F909 /* Resources */ = {
			isa = PBXResourcesBuildPhase;
			buildActionMask = 2147483647;
			files = (
				B247E3791EE086490028BBA6 /* checked_checkbox.png in Resources */,
				B247E37A1EE086490028BBA6 /* unchecked_checkbox.png in Resources */,
				4BB8F02E1E76E65600D1F909 /* LaunchScreen.storyboard in Resources */,
				4BB8F02B1E76E65600D1F909 /* Assets.xcassets in Resources */,
				4BB8F0291E76E65600D1F909 /* Main.storyboard in Resources */,
			);
			runOnlyForDeploymentPostprocessing = 0;
		};
/* End PBXResourcesBuildPhase section */

/* Begin PBXShellScriptBuildPhase section */
		329617AEEBD7F803D4EB67AA /* [CP] Copy Pods Resources */ = {
			isa = PBXShellScriptBuildPhase;
			buildActionMask = 2147483647;
			files = (
			);
			inputPaths = (
			);
			name = "[CP] Copy Pods Resources";
			outputPaths = (
			);
			runOnlyForDeploymentPostprocessing = 0;
			shellPath = /bin/sh;
			shellScript = "\"${SRCROOT}/Pods/Target Support Files/Pods-ZPI2017/Pods-ZPI2017-resources.sh\"\n";
			showEnvVarsInLog = 0;
		};
		58604BCDF5ABF346A0EE8725 /* [CP] Embed Pods Frameworks */ = {
			isa = PBXShellScriptBuildPhase;
			buildActionMask = 2147483647;
			files = (
			);
			inputPaths = (
			);
			name = "[CP] Embed Pods Frameworks";
			outputPaths = (
			);
			runOnlyForDeploymentPostprocessing = 0;
			shellPath = /bin/sh;
			shellScript = "\"${SRCROOT}/Pods/Target Support Files/Pods-ZPI2017/Pods-ZPI2017-frameworks.sh\"\n";
			showEnvVarsInLog = 0;
		};
		B66CBDEE0A51BBBF876F6995 /* [CP] Check Pods Manifest.lock */ = {
			isa = PBXShellScriptBuildPhase;
			buildActionMask = 2147483647;
			files = (
			);
			inputPaths = (
			);
			name = "[CP] Check Pods Manifest.lock";
			outputPaths = (
			);
			runOnlyForDeploymentPostprocessing = 0;
			shellPath = /bin/sh;
			shellScript = "diff \"${PODS_ROOT}/../Podfile.lock\" \"${PODS_ROOT}/Manifest.lock\" > /dev/null\nif [ $? != 0 ] ; then\n    # print error to STDERR\n    echo \"error: The sandbox is not in sync with the Podfile.lock. Run 'pod install' or update your CocoaPods installation.\" >&2\n    exit 1\nfi\n";
			showEnvVarsInLog = 0;
		};
/* End PBXShellScriptBuildPhase section */

/* Begin PBXSourcesBuildPhase section */
		4BB8F01C1E76E65600D1F909 /* Sources */ = {
			isa = PBXSourcesBuildPhase;
			buildActionMask = 2147483647;
			files = (
				4BB518931ED36EC0004CFC3C /* TabBarTabalViewViewController.swift in Sources */,
				4BB5189A1ED895EF004CFC3C /* CredentialsTmp.swift in Sources */,
				4BF5FDAC1E928CB2007430E8 /* LastTableController.swift in Sources */,
				4BB5188D1ED321A0004CFC3C /* TabBarController.swift in Sources */,
				4BB518961ED836FB004CFC3C /* SettingsViewController.swift in Sources */,
				B247E3731EE083C20028BBA6 /* AddTableViewController.swift in Sources */,
				B21C7C311E9F9739001647A7 /* DBSelectionViewController.swift in Sources */,
				4BF5FDAA1E928C72007430E8 /* LastTableViewCell.swift in Sources */,
				4BB518911ED32A3B004CFC3C /* TabBarTableSelectionViewController.swift in Sources */,
				4BB8F0261E76E65600D1F909 /* ViewController.swift in Sources */,
				4BF5FDB41E92C3AD007430E8 /* Last.swift in Sources */,
				B2EABFFD1E9FC062005D1C02 /* TableViewCollectionViewCell.swift in Sources */,
				B2EABFFF1E9FC070005D1C02 /* TableViewViewController.swift in Sources */,
				B2EABFFA1E9FBB5C005D1C02 /* TableSelectionViewController.swift in Sources */,
				B26199101E98286D008AC2AC /* DataModel.swift in Sources */,
				9A4CE5B41EC9E4080075046C /* ExecuteSQLViewController.swift in Sources */,
				4BB5188F1ED324EE004CFC3C /* Connection.swift in Sources */,
				B2ED54C71EDF337E00E172F8 /* CustomCollection.swift in Sources */,
				B247E3751EE0842C0028BBA6 /* AddTableTableViewCell.swift in Sources */,
				B2EABFF81E9FBB47005D1C02 /* TableSelectionTableViewCell.swift in Sources */,
				4BF5FDB21E92C3A4007430E8 /* Favorite.swift in Sources */,
				B21C7C331E9F974F001647A7 /* DBSelectionTableViewCell.swift in Sources */,
				4BB8F0241E76E65600D1F909 /* AppDelegate.swift in Sources */,
				4BF5FDB01E929D01007430E8 /* LastFav.swift in Sources */,
			);
			runOnlyForDeploymentPostprocessing = 0;
		};
/* End PBXSourcesBuildPhase section */

/* Begin PBXVariantGroup section */
		4BB8F0271E76E65600D1F909 /* Main.storyboard */ = {
			isa = PBXVariantGroup;
			children = (
				4BB8F0281E76E65600D1F909 /* Base */,
			);
			name = Main.storyboard;
			sourceTree = "<group>";
		};
		4BB8F02C1E76E65600D1F909 /* LaunchScreen.storyboard */ = {
			isa = PBXVariantGroup;
			children = (
				4BB8F02D1E76E65600D1F909 /* Base */,
			);
			name = LaunchScreen.storyboard;
			sourceTree = "<group>";
		};
/* End PBXVariantGroup section */

/* Begin XCBuildConfiguration section */
		4BB8F0301E76E65600D1F909 /* Debug */ = {
			isa = XCBuildConfiguration;
			buildSettings = {
				ALWAYS_SEARCH_USER_PATHS = NO;
				CLANG_ANALYZER_NONNULL = YES;
				CLANG_ANALYZER_NUMBER_OBJECT_CONVERSION = YES_AGGRESSIVE;
				CLANG_CXX_LANGUAGE_STANDARD = "gnu++0x";
				CLANG_CXX_LIBRARY = "libc++";
				CLANG_ENABLE_MODULES = YES;
				CLANG_ENABLE_OBJC_ARC = YES;
				CLANG_WARN_BOOL_CONVERSION = YES;
				CLANG_WARN_CONSTANT_CONVERSION = YES;
				CLANG_WARN_DIRECT_OBJC_ISA_USAGE = YES_ERROR;
				CLANG_WARN_DOCUMENTATION_COMMENTS = YES;
				CLANG_WARN_EMPTY_BODY = YES;
				CLANG_WARN_ENUM_CONVERSION = YES;
				CLANG_WARN_INFINITE_RECURSION = YES;
				CLANG_WARN_INT_CONVERSION = YES;
				CLANG_WARN_OBJC_ROOT_CLASS = YES_ERROR;
				CLANG_WARN_SUSPICIOUS_MOVE = YES;
				CLANG_WARN_UNREACHABLE_CODE = YES;
				CLANG_WARN__DUPLICATE_METHOD_MATCH = YES;
				"CODE_SIGN_IDENTITY[sdk=iphoneos*]" = "iPhone Developer";
				COPY_PHASE_STRIP = NO;
				DEBUG_INFORMATION_FORMAT = dwarf;
				ENABLE_STRICT_OBJC_MSGSEND = YES;
				ENABLE_TESTABILITY = YES;
				GCC_C_LANGUAGE_STANDARD = gnu99;
				GCC_DYNAMIC_NO_PIC = NO;
				GCC_NO_COMMON_BLOCKS = YES;
				GCC_OPTIMIZATION_LEVEL = 0;
				GCC_PREPROCESSOR_DEFINITIONS = (
					"DEBUG=1",
					"$(inherited)",
				);
				GCC_WARN_64_TO_32_BIT_CONVERSION = YES;
				GCC_WARN_ABOUT_RETURN_TYPE = YES_ERROR;
				GCC_WARN_UNDECLARED_SELECTOR = YES;
				GCC_WARN_UNINITIALIZED_AUTOS = YES_AGGRESSIVE;
				GCC_WARN_UNUSED_FUNCTION = YES;
				GCC_WARN_UNUSED_VARIABLE = YES;
				IPHONEOS_DEPLOYMENT_TARGET = 10.3;
				MTL_ENABLE_DEBUG_INFO = YES;
				ONLY_ACTIVE_ARCH = YES;
				SDKROOT = iphoneos;
				SWIFT_ACTIVE_COMPILATION_CONDITIONS = DEBUG;
				SWIFT_OPTIMIZATION_LEVEL = "-Onone";
			};
			name = Debug;
		};
		4BB8F0311E76E65600D1F909 /* Release */ = {
			isa = XCBuildConfiguration;
			buildSettings = {
				ALWAYS_SEARCH_USER_PATHS = NO;
				CLANG_ANALYZER_NONNULL = YES;
				CLANG_ANALYZER_NUMBER_OBJECT_CONVERSION = YES_AGGRESSIVE;
				CLANG_CXX_LANGUAGE_STANDARD = "gnu++0x";
				CLANG_CXX_LIBRARY = "libc++";
				CLANG_ENABLE_MODULES = YES;
				CLANG_ENABLE_OBJC_ARC = YES;
				CLANG_WARN_BOOL_CONVERSION = YES;
				CLANG_WARN_CONSTANT_CONVERSION = YES;
				CLANG_WARN_DIRECT_OBJC_ISA_USAGE = YES_ERROR;
				CLANG_WARN_DOCUMENTATION_COMMENTS = YES;
				CLANG_WARN_EMPTY_BODY = YES;
				CLANG_WARN_ENUM_CONVERSION = YES;
				CLANG_WARN_INFINITE_RECURSION = YES;
				CLANG_WARN_INT_CONVERSION = YES;
				CLANG_WARN_OBJC_ROOT_CLASS = YES_ERROR;
				CLANG_WARN_SUSPICIOUS_MOVE = YES;
				CLANG_WARN_UNREACHABLE_CODE = YES;
				CLANG_WARN__DUPLICATE_METHOD_MATCH = YES;
				"CODE_SIGN_IDENTITY[sdk=iphoneos*]" = "iPhone Developer";
				COPY_PHASE_STRIP = NO;
				DEBUG_INFORMATION_FORMAT = "dwarf-with-dsym";
				ENABLE_NS_ASSERTIONS = NO;
				ENABLE_STRICT_OBJC_MSGSEND = YES;
				GCC_C_LANGUAGE_STANDARD = gnu99;
				GCC_NO_COMMON_BLOCKS = YES;
				GCC_WARN_64_TO_32_BIT_CONVERSION = YES;
				GCC_WARN_ABOUT_RETURN_TYPE = YES_ERROR;
				GCC_WARN_UNDECLARED_SELECTOR = YES;
				GCC_WARN_UNINITIALIZED_AUTOS = YES_AGGRESSIVE;
				GCC_WARN_UNUSED_FUNCTION = YES;
				GCC_WARN_UNUSED_VARIABLE = YES;
				IPHONEOS_DEPLOYMENT_TARGET = 10.3;
				MTL_ENABLE_DEBUG_INFO = NO;
				SDKROOT = iphoneos;
				SWIFT_OPTIMIZATION_LEVEL = "-Owholemodule";
				VALIDATE_PRODUCT = YES;
			};
			name = Release;
		};
		4BB8F0331E76E65600D1F909 /* Debug */ = {
			isa = XCBuildConfiguration;
			baseConfigurationReference = 30E3B0D381C12BEE9281AB94 /* Pods-ZPI2017.debug.xcconfig */;
			buildSettings = {
				ASSETCATALOG_COMPILER_APPICON_NAME = AppIcon;
				"CODE_SIGN_IDENTITY[sdk=iphoneos*]" = "iPhone Developer";
				DEVELOPMENT_TEAM = SGNK3MFYG3;
				INFOPLIST_FILE = ZPI2017/Info.plist;
				IPHONEOS_DEPLOYMENT_TARGET = 10.2;
				LD_RUNPATH_SEARCH_PATHS = "$(inherited) @executable_path/Frameworks";
				PRODUCT_BUNDLE_IDENTIFIER = com.zpi1.ZPI2017;
				PRODUCT_NAME = "$(TARGET_NAME)";
				PROVISIONING_PROFILE = "";
				PROVISIONING_PROFILE_SPECIFIER = "";
				SWIFT_VERSION = 3.0;
			};
			name = Debug;
		};
		4BB8F0341E76E65600D1F909 /* Release */ = {
			isa = XCBuildConfiguration;
			baseConfigurationReference = C88EE102FD7FD420C8B65D88 /* Pods-ZPI2017.release.xcconfig */;
			buildSettings = {
				ASSETCATALOG_COMPILER_APPICON_NAME = AppIcon;
				"CODE_SIGN_IDENTITY[sdk=iphoneos*]" = "iPhone Developer";
				DEVELOPMENT_TEAM = SGNK3MFYG3;
				INFOPLIST_FILE = ZPI2017/Info.plist;
				IPHONEOS_DEPLOYMENT_TARGET = 10.2;
				LD_RUNPATH_SEARCH_PATHS = "$(inherited) @executable_path/Frameworks";
				PRODUCT_BUNDLE_IDENTIFIER = com.zpi1.ZPI2017;
				PRODUCT_NAME = "$(TARGET_NAME)";
				PROVISIONING_PROFILE_SPECIFIER = "";
				SWIFT_VERSION = 3.0;
			};
			name = Release;
		};
/* End XCBuildConfiguration section */

/* Begin XCConfigurationList section */
		4BB8F01B1E76E65600D1F909 /* Build configuration list for PBXProject "ZPI2017" */ = {
			isa = XCConfigurationList;
			buildConfigurations = (
				4BB8F0301E76E65600D1F909 /* Debug */,
				4BB8F0311E76E65600D1F909 /* Release */,
			);
			defaultConfigurationIsVisible = 0;
			defaultConfigurationName = Release;
		};
		4BB8F0321E76E65600D1F909 /* Build configuration list for PBXNativeTarget "ZPI2017" */ = {
			isa = XCConfigurationList;
			buildConfigurations = (
				4BB8F0331E76E65600D1F909 /* Debug */,
				4BB8F0341E76E65600D1F909 /* Release */,
			);
			defaultConfigurationIsVisible = 0;
			defaultConfigurationName = Release;
		};
/* End XCConfigurationList section */
	};
	rootObject = 4BB8F0181E76E65600D1F909 /* Project object */;
}
